// !$*UTF8*$!
{
	archiveVersion = 1;
	classes = {
	};
	objectVersion = 48;
	objects = {

/* Begin PBXBuildFile section */
		C392D1381F740BEA007ADD16 /* AppDelegate.swift in Sources */ = {isa = PBXBuildFile; fileRef = C392D1371F740BEA007ADD16 /* AppDelegate.swift */; };
		C392D13A1F740BEA007ADD16 /* MasterViewController.swift in Sources */ = {isa = PBXBuildFile; fileRef = C392D1391F740BEA007ADD16 /* MasterViewController.swift */; };
		C392D13C1F740BEA007ADD16 /* DetailViewController.swift in Sources */ = {isa = PBXBuildFile; fileRef = C392D13B1F740BEA007ADD16 /* DetailViewController.swift */; };
		C392D13F1F740BEA007ADD16 /* Main.storyboard in Resources */ = {isa = PBXBuildFile; fileRef = C392D13D1F740BEA007ADD16 /* Main.storyboard */; };
		C392D1411F740BEA007ADD16 /* Assets.xcassets in Resources */ = {isa = PBXBuildFile; fileRef = C392D1401F740BEA007ADD16 /* Assets.xcassets */; };
		C392D1441F740BEA007ADD16 /* LaunchScreen.storyboard in Resources */ = {isa = PBXBuildFile; fileRef = C392D1421F740BEA007ADD16 /* LaunchScreen.storyboard */; };
/* End PBXBuildFile section */

/* Begin PBXFileReference section */
		C392D1341F740BEA007ADD16 /* DataLogger.app */ = {isa = PBXFileReference; explicitFileType = wrapper.application; includeInIndex = 0; path = DataLogger.app; sourceTree = BUILT_PRODUCTS_DIR; };
		C392D1371F740BEA007ADD16 /* AppDelegate.swift */ = {isa = PBXFileReference; lastKnownFileType = sourcecode.swift; path = AppDelegate.swift; sourceTree = "<group>"; };
		C392D1391F740BEA007ADD16 /* MasterViewController.swift */ = {isa = PBXFileReference; lastKnownFileType = sourcecode.swift; path = MasterViewController.swift; sourceTree = "<group>"; };
		C392D13B1F740BEA007ADD16 /* DetailViewController.swift */ = {isa = PBXFileReference; lastKnownFileType = sourcecode.swift; path = DetailViewController.swift; sourceTree = "<group>"; };
		C392D13E1F740BEA007ADD16 /* Base */ = {isa = PBXFileReference; lastKnownFileType = file.storyboard; name = Base; path = Base.lproj/Main.storyboard; sourceTree = "<group>"; };
		C392D1401F740BEA007ADD16 /* Assets.xcassets */ = {isa = PBXFileReference; lastKnownFileType = folder.assetcatalog; path = Assets.xcassets; sourceTree = "<group>"; };
		C392D1431F740BEA007ADD16 /* Base */ = {isa = PBXFileReference; lastKnownFileType = file.storyboard; name = Base; path = Base.lproj/LaunchScreen.storyboard; sourceTree = "<group>"; };
		C392D1451F740BEA007ADD16 /* Info.plist */ = {isa = PBXFileReference; lastKnownFileType = text.plist.xml; path = Info.plist; sourceTree = "<group>"; };
/* End PBXFileReference section */

/* Begin PBXFrameworksBuildPhase section */
		C392D1311F740BEA007ADD16 /* Frameworks */ = {
			isa = PBXFrameworksBuildPhase;
			buildActionMask = 2147483647;
			files = (
			);
			runOnlyForDeploymentPostprocessing = 0;
		};
/* End PBXFrameworksBuildPhase section */

/* Begin PBXGroup section */
		C32448831F740C5C00892EFD /* Resources */ = {
			isa = PBXGroup;
			children = (
				C392D13D1F740BEA007ADD16 /* Main.storyboard */,
				C392D1401F740BEA007ADD16 /* Assets.xcassets */,
				C392D1421F740BEA007ADD16 /* LaunchScreen.storyboard */,
				C392D1451F740BEA007ADD16 /* Info.plist */,
			);
			path = Resources;
			sourceTree = "<group>";
		};
		C32448841F740C6F00892EFD /* View Controllers */ = {
			isa = PBXGroup;
			children = (
				C392D1391F740BEA007ADD16 /* MasterViewController.swift */,
				C392D13B1F740BEA007ADD16 /* DetailViewController.swift */,
			);
			path = "View Controllers";
			sourceTree = "<group>";
		};
		C392D12B1F740BEA007ADD16 = {
			isa = PBXGroup;
			children = (
				C392D1361F740BEA007ADD16 /* Classes */,
				C32448831F740C5C00892EFD /* Resources */,
				C392D1351F740BEA007ADD16 /* Products */,
			);
			sourceTree = "<group>";
		};
		C392D1351F740BEA007ADD16 /* Products */ = {
			isa = PBXGroup;
			children = (
				C392D1341F740BEA007ADD16 /* DataLogger.app */,
			);
			name = Products;
			sourceTree = "<group>";
		};
		C392D1361F740BEA007ADD16 /* Classes */ = {
			isa = PBXGroup;
			children = (
				C32448841F740C6F00892EFD /* View Controllers */,
				C392D1371F740BEA007ADD16 /* AppDelegate.swift */,
			);
			path = Classes;
			sourceTree = "<group>";
		};
/* End PBXGroup section */

/* Begin PBXNativeTarget section */
		C392D1331F740BEA007ADD16 /* DataLogger */ = {
			isa = PBXNativeTarget;
			buildConfigurationList = C392D1481F740BEA007ADD16 /* Build configuration list for PBXNativeTarget "DataLogger" */;
			buildPhases = (
				C392D1301F740BEA007ADD16 /* Sources */,
				C392D1311F740BEA007ADD16 /* Frameworks */,
				C392D1321F740BEA007ADD16 /* Resources */,
			);
			buildRules = (
			);
			dependencies = (
			);
			name = DataLogger;
			productName = DataLogger;
			productReference = C392D1341F740BEA007ADD16 /* DataLogger.app */;
			productType = "com.apple.product-type.application";
		};
/* End PBXNativeTarget section */

/* Begin PBXProject section */
		C392D12C1F740BEA007ADD16 /* Project object */ = {
			isa = PBXProject;
			attributes = {
				LastSwiftUpdateCheck = 0900;
				LastUpgradeCheck = 0900;
				ORGANIZATIONNAME = "Ben Kreeger";
				TargetAttributes = {
					C392D1331F740BEA007ADD16 = {
						CreatedOnToolsVersion = 9.0;
						ProvisioningStyle = Automatic;
					};
				};
			};
			buildConfigurationList = C392D12F1F740BEA007ADD16 /* Build configuration list for PBXProject "DataLogger" */;
			compatibilityVersion = "Xcode 8.0";
			developmentRegion = en;
			hasScannedForEncodings = 0;
			knownRegions = (
				en,
				Base,
			);
			mainGroup = C392D12B1F740BEA007ADD16;
			productRefGroup = C392D1351F740BEA007ADD16 /* Products */;
			projectDirPath = "";
			projectRoot = "";
			targets = (
				C392D1331F740BEA007ADD16 /* DataLogger */,
			);
		};
/* End PBXProject section */

/* Begin PBXResourcesBuildPhase section */
		C392D1321F740BEA007ADD16 /* Resources */ = {
			isa = PBXResourcesBuildPhase;
			buildActionMask = 2147483647;
			files = (
				C392D1441F740BEA007ADD16 /* LaunchScreen.storyboard in Resources */,
				C392D1411F740BEA007ADD16 /* Assets.xcassets in Resources */,
				C392D13F1F740BEA007ADD16 /* Main.storyboard in Resources */,
			);
			runOnlyForDeploymentPostprocessing = 0;
		};
/* End PBXResourcesBuildPhase section */

/* Begin PBXSourcesBuildPhase section */
		C392D1301F740BEA007ADD16 /* Sources */ = {
			isa = PBXSourcesBuildPhase;
			buildActionMask = 2147483647;
			files = (
				C392D13C1F740BEA007ADD16 /* DetailViewController.swift in Sources */,
				C392D13A1F740BEA007ADD16 /* MasterViewController.swift in Sources */,
				C392D1381F740BEA007ADD16 /* AppDelegate.swift in Sources */,
			);
			runOnlyForDeploymentPostprocessing = 0;
		};
/* End PBXSourcesBuildPhase section */

/* Begin PBXVariantGroup section */
		C392D13D1F740BEA007ADD16 /* Main.storyboard */ = {
			isa = PBXVariantGroup;
			children = (
				C392D13E1F740BEA007ADD16 /* Base */,
			);
			name = Main.storyboard;
			sourceTree = "<group>";
		};
		C392D1421F740BEA007ADD16 /* LaunchScreen.storyboard */ = {
			isa = PBXVariantGroup;
			children = (
				C392D1431F740BEA007ADD16 /* Base */,
			);
			name = LaunchScreen.storyboard;
			sourceTree = "<group>";
		};
/* End PBXVariantGroup section */

/* Begin XCBuildConfiguration section */
		C392D1461F740BEA007ADD16 /* Debug */ = {
			isa = XCBuildConfiguration;
			buildSettings = {
				ALWAYS_SEARCH_USER_PATHS = NO;
				CLANG_ANALYZER_NONNULL = YES;
				CLANG_ANALYZER_NUMBER_OBJECT_CONVERSION = YES_AGGRESSIVE;
				CLANG_CXX_LANGUAGE_STANDARD = "gnu++14";
				CLANG_CXX_LIBRARY = "libc++";
				CLANG_ENABLE_MODULES = YES;
				CLANG_ENABLE_OBJC_ARC = YES;
				CLANG_WARN_BLOCK_CAPTURE_AUTORELEASING = YES;
				CLANG_WARN_BOOL_CONVERSION = YES;
				CLANG_WARN_COMMA = YES;
				CLANG_WARN_CONSTANT_CONVERSION = YES;
				CLANG_WARN_DIRECT_OBJC_ISA_USAGE = YES_ERROR;
				CLANG_WARN_DOCUMENTATION_COMMENTS = YES;
				CLANG_WARN_EMPTY_BODY = YES;
				CLANG_WARN_ENUM_CONVERSION = YES;
				CLANG_WARN_INFINITE_RECURSION = YES;
				CLANG_WARN_INT_CONVERSION = YES;
				CLANG_WARN_NON_LITERAL_NULL_CONVERSION = YES;
				CLANG_WARN_OBJC_LITERAL_CONVERSION = YES;
				CLANG_WARN_OBJC_ROOT_CLASS = YES_ERROR;
				CLANG_WARN_RANGE_LOOP_ANALYSIS = YES;
				CLANG_WARN_STRICT_PROTOTYPES = YES;
				CLANG_WARN_SUSPICIOUS_MOVE = YES;
				CLANG_WARN_UNGUARDED_AVAILABILITY = YES_AGGRESSIVE;
				CLANG_WARN_UNREACHABLE_CODE = YES;
				CLANG_WARN__DUPLICATE_METHOD_MATCH = YES;
				CODE_SIGN_IDENTITY = "iPhone Developer";
				COPY_PHASE_STRIP = NO;
				DEBUG_INFORMATION_FORMAT = dwarf;
				ENABLE_STRICT_OBJC_MSGSEND = YES;
				ENABLE_TESTABILITY = YES;
				GCC_C_LANGUAGE_STANDARD = gnu11;
				GCC_DYNAMIC_NO_PIC = NO;
				GCC_NO_COMMON_BLOCKS = YES;
				GCC_OPTIMIZATION_LEVEL = 0;
				GCC_PREPROCESSOR_DEFINITIONS = (
					"DEBUG=1",
					"$(inherited)",
				);
				GCC_WARN_64_TO_32_BIT_CONVERSION = YES;
				GCC_WARN_ABOUT_RETURN_TYPE = YES_ERROR;
				GCC_WARN_UNDECLARED_SELECTOR = YES;
				GCC_WARN_UNINITIALIZED_AUTOS = YES_AGGRESSIVE;
				GCC_WARN_UNUSED_FUNCTION = YES;
				GCC_WARN_UNUSED_VARIABLE = YES;
				IPHONEOS_DEPLOYMENT_TARGET = 11.0;
				MTL_ENABLE_DEBUG_INFO = YES;
				ONLY_ACTIVE_ARCH = YES;
				SDKROOT = iphoneos;
				SWIFT_ACTIVE_COMPILATION_CONDITIONS = DEBUG;
				SWIFT_OPTIMIZATION_LEVEL = "-Onone";
			};
			name = Debug;
		};
		C392D1471F740BEA007ADD16 /* Release */ = {
			isa = XCBuildConfiguration;
			buildSettings = {
				ALWAYS_SEARCH_USER_PATHS = NO;
				CLANG_ANALYZER_NONNULL = YES;
				CLANG_ANALYZER_NUMBER_OBJECT_CONVERSION = YES_AGGRESSIVE;
				CLANG_CXX_LANGUAGE_STANDARD = "gnu++14";
				CLANG_CXX_LIBRARY = "libc++";
				CLANG_ENABLE_MODULES = YES;
				CLANG_ENABLE_OBJC_ARC = YES;
				CLANG_WARN_BLOCK_CAPTURE_AUTORELEASING = YES;
				CLANG_WARN_BOOL_CONVERSION = YES;
				CLANG_WARN_COMMA = YES;
				CLANG_WARN_CONSTANT_CONVERSION = YES;
				CLANG_WARN_DIRECT_OBJC_ISA_USAGE = YES_ERROR;
				CLANG_WARN_DOCUMENTATION_COMMENTS = YES;
				CLANG_WARN_EMPTY_BODY = YES;
				CLANG_WARN_ENUM_CONVERSION = YES;
				CLANG_WARN_INFINITE_RECURSION = YES;
				CLANG_WARN_INT_CONVERSION = YES;
				CLANG_WARN_NON_LITERAL_NULL_CONVERSION = YES;
				CLANG_WARN_OBJC_LITERAL_CONVERSION = YES;
				CLANG_WARN_OBJC_ROOT_CLASS = YES_ERROR;
				CLANG_WARN_RANGE_LOOP_ANALYSIS = YES;
				CLANG_WARN_STRICT_PROTOTYPES = YES;
				CLANG_WARN_SUSPICIOUS_MOVE = YES;
				CLANG_WARN_UNGUARDED_AVAILABILITY = YES_AGGRESSIVE;
				CLANG_WARN_UNREACHABLE_CODE = YES;
				CLANG_WARN__DUPLICATE_METHOD_MATCH = YES;
				CODE_SIGN_IDENTITY = "iPhone Developer";
				COPY_PHASE_STRIP = NO;
				DEBUG_INFORMATION_FORMAT = "dwarf-with-dsym";
				ENABLE_NS_ASSERTIONS = NO;
				ENABLE_STRICT_OBJC_MSGSEND = YES;
				GCC_C_LANGUAGE_STANDARD = gnu11;
				GCC_NO_COMMON_BLOCKS = YES;
				GCC_WARN_64_TO_32_BIT_CONVERSION = YES;
				GCC_WARN_ABOUT_RETURN_TYPE = YES_ERROR;
				GCC_WARN_UNDECLARED_SELECTOR = YES;
				GCC_WARN_UNINITIALIZED_AUTOS = YES_AGGRESSIVE;
				GCC_WARN_UNUSED_FUNCTION = YES;
				GCC_WARN_UNUSED_VARIABLE = YES;
				IPHONEOS_DEPLOYMENT_TARGET = 11.0;
				MTL_ENABLE_DEBUG_INFO = NO;
				SDKROOT = iphoneos;
				SWIFT_OPTIMIZATION_LEVEL = "-Owholemodule";
				VALIDATE_PRODUCT = YES;
			};
			name = Release;
		};
		C392D1491F740BEA007ADD16 /* Debug */ = {
			isa = XCBuildConfiguration;
			buildSettings = {
				ASSETCATALOG_COMPILER_APPICON_NAME = AppIcon;
				CODE_SIGN_STYLE = Automatic;
				DEVELOPMENT_TEAM = 72DNMVDQ38;
				INFOPLIST_FILE = "$(SRCROOT)/Resources/Info.plist";
				LD_RUNPATH_SEARCH_PATHS = "$(inherited) @executable_path/Frameworks";
				PRODUCT_BUNDLE_IDENTIFIER = gr.kree.DataLogger;
				PRODUCT_NAME = "$(TARGET_NAME)";
				SWIFT_VERSION = 4.0;
				TARGETED_DEVICE_FAMILY = "1,2";
			};
			name = Debug;
		};
		C392D14A1F740BEA007ADD16 /* Release */ = {
			isa = XCBuildConfiguration;
			buildSettings = {
				ASSETCATALOG_COMPILER_APPICON_NAME = AppIcon;
				CODE_SIGN_STYLE = Automatic;
				DEVELOPMENT_TEAM = 72DNMVDQ38;
				INFOPLIST_FILE = "$(SRCROOT)/Resources/Info.plist";
				LD_RUNPATH_SEARCH_PATHS = "$(inherited) @executable_path/Frameworks";
				PRODUCT_BUNDLE_IDENTIFIER = gr.kree.DataLogger;
				PRODUCT_NAME = "$(TARGET_NAME)";
				SWIFT_VERSION = 4.0;
				TARGETED_DEVICE_FAMILY = "1,2";
			};
			name = Release;
		};
/* End XCBuildConfiguration section */

/* Begin XCConfigurationList section */
		C392D12F1F740BEA007ADD16 /* Build configuration list for PBXProject "DataLogger" */ = {
			isa = XCConfigurationList;
			buildConfigurations = (
				C392D1461F740BEA007ADD16 /* Debug */,
				C392D1471F740BEA007ADD16 /* Release */,
			);
			defaultConfigurationIsVisible = 0;
			defaultConfigurationName = Release;
		};
		C392D1481F740BEA007ADD16 /* Build configuration list for PBXNativeTarget "DataLogger" */ = {
			isa = XCConfigurationList;
			buildConfigurations = (
				C392D1491F740BEA007ADD16 /* Debug */,
				C392D14A1F740BEA007ADD16 /* Release */,
			);
			defaultConfigurationIsVisible = 0;
			defaultConfigurationName = Release;
		};
/* End XCConfigurationList section */
	};
	rootObject = C392D12C1F740BEA007ADD16 /* Project object */;
}
